{"SurveyEntry":{"SurveyID":"SV_2o7NUBlZVg5gB02","SurveyName":"Examining Voice Onset Time in Hungarian-English Bilinguals \u2013 Uses in Forensic Phonetics","SurveyDescription":null,"SurveyOwnerID":"UR_d1qYehe4KwqslHE","SurveyBrandID":"york","DivisionID":null,"SurveyLanguage":"EN-GB","SurveyActiveResponseSet":"RS_6hhQ1o1yyg34No2","SurveyStatus":"Active","SurveyStartDate":"0000-00-00 00:00:00","SurveyExpirationDate":"0000-00-00 00:00:00","SurveyCreationDate":"2022-03-29 07:05:35","CreatorID":"UR_d1qYehe4KwqslHE","LastModified":"2022-09-10 11:17:42","LastAccessed":"0000-00-00 00:00:00","LastActivated":"2022-04-06 06:10:02","Deleted":null},"SurveyElements":[{"SurveyID":"SV_2o7NUBlZVg5gB02","Element":"BL","PrimaryAttribute":"Survey Blocks","SecondaryAttribute":null,"TertiaryAttribute":null,"Payload":{"0":{"Type":"Default","Description":"Ethics stuff","ID":"BL_cU3rWuk7CTgykZ0","BlockElements":[{"Type":"Question","QuestionID":"QID33"},{"Type":"Question","QuestionID":"QID34"},{"Type":"Question","QuestionID":"QID1"},{"Type":"Question","QuestionID":"QID36"}],"Options":{"BlockLocking":"false","RandomizeQuestions":"false","BlockVisibility":"Expanded","PreviousButton":"","previousButtonMID":"","NextButton":"Continue survey","nextButtonMID":"","previousButtonLibraryID":"","nextButtonLibraryID":""}},"1":{"Type":"Trash","Description":"Trash \/ Unused Questions","ID":"BL_eXKDfgk4A0zdGUC","BlockElements":[{"Type":"Question","QuestionID":"QID39"},{"Type":"Question","QuestionID":"QID40"},{"Type":"Question","QuestionID":"QID41"},{"Type":"Question","QuestionID":"QID25"},{"Type":"Question","QuestionID":"QID28"}]},"2":{"Type":"Standard","SubType":"","Description":"Demographic data","ID":"BL_b3CQYsViaP3BCe2","BlockElements":[{"Type":"Question","QuestionID":"QID3"},{"Type":"Question","QuestionID":"QID4"},{"Type":"Page Break"},{"Type":"Question","QuestionID":"QID21"},{"Type":"Question","QuestionID":"QID31"}]},"5":{"Type":"Standard","SubType":"","Description":"Language learning","ID":"BL_dhFTmaC7X5aaecm","BlockElements":[{"Type":"Question","QuestionID":"QID9"},{"Type":"Question","QuestionID":"QID11"},{"Type":"Question","QuestionID":"QID18"},{"Type":"Question","QuestionID":"QID10"},{"Type":"Question","QuestionID":"QID14"},{"Type":"Question","QuestionID":"QID15"},{"Type":"Question","QuestionID":"QID16"},{"Type":"Question","QuestionID":"QID17"},{"Type":"Page Break"},{"Type":"Question","QuestionID":"QID19"},{"Type":"Question","QuestionID":"QID29"}]},"6":{"Type":"Standard","SubType":"","Description":"Living","ID":"BL_6LMS6QeKCX3HSOW","BlockElements":[{"Type":"Question","QuestionID":"QID6"},{"Type":"Question","QuestionID":"QID37"},{"Type":"Question","QuestionID":"QID22"},{"Type":"Question","QuestionID":"QID38"},{"Type":"Page Break"},{"Type":"Question","QuestionID":"QID23"},{"Type":"Question","QuestionID":"QID27"},{"Type":"Page Break"}]},"7":{"Type":"Standard","SubType":"","Description":"Anything else?","ID":"BL_6LMCjn6t567LQma","BlockElements":[{"Type":"Question","QuestionID":"QID30"}],"Options":{"BlockLocking":"false","RandomizeQuestions":"false","PreviousButton":"","previousButtonMID":"","NextButton":"Submit","nextButtonMID":"","previousButtonLibraryID":"","nextButtonLibraryID":""}},"8":{"Type":"Standard","SubType":"","Description":"Participant number","ID":"BL_6tUud8RCPPjrxc2","BlockElements":[{"Type":"Question","QuestionID":"QID32"}]}}},{"SurveyID":"SV_2o7NUBlZVg5gB02","Element":"FL","PrimaryAttribute":"Survey Flow","SecondaryAttribute":null,"TertiaryAttribute":null,"Payload":{"Type":"Root","FlowID":"FL_1","Flow":[{"Type":"Block","ID":"BL_cU3rWuk7CTgykZ0","FlowID":"FL_17","Autofill":[]},{"Type":"Branch","FlowID":"FL_5","Description":"New Branch","BranchLogic":{"0":{"0":{"LogicType":"Question","QuestionID":"QID1","QuestionIsInLoop":"no","ChoiceLocator":"q:\/\/QID1\/SelectableChoice\/1","Operator":"NotSelected","QuestionIDFromLocator":"QID1","LeftOperand":"q:\/\/QID1\/SelectableChoice\/1","Type":"Expression","Description":"<span class=\"ConjDesc\">If<\/span> <span class=\"QuestionDesc\">If you don't want to take part in the research tick the box below to exit the survey.<\/span> <span class=\"LeftOpDesc\">I don't agree<\/span> <span class=\"OpDesc\">Is Not Selected<\/span> "},"Type":"If"},"Type":"BooleanExpression"},"Flow":[{"Type":"Block","ID":"BL_6tUud8RCPPjrxc2","FlowID":"FL_21","Autofill":[]},{"Type":"Block","ID":"BL_dhFTmaC7X5aaecm","FlowID":"FL_8","Autofill":[]},{"Type":"Block","ID":"BL_6LMS6QeKCX3HSOW","FlowID":"FL_13","Autofill":[]},{"Type":"Block","ID":"BL_b3CQYsViaP3BCe2","FlowID":"FL_14","Autofill":[]},{"Type":"Standard","ID":"BL_6LMCjn6t567LQma","FlowID":"FL_15","Autofill":[]}]},{"Type":"Branch","FlowID":"FL_6","Description":"New Branch","BranchLogic":{"0":{"0":{"LogicType":"Question","QuestionID":"QID1","QuestionIsInLoop":"no","ChoiceLocator":"q:\/\/QID1\/SelectableChoice\/1","Operator":"Selected","QuestionIDFromLocator":"QID1","LeftOperand":"q:\/\/QID1\/SelectableChoice\/1","Type":"Expression","Description":"<span class=\"ConjDesc\">If<\/span> <span class=\"QuestionDesc\">If you don't want to take part in the research tick the box below to exit the survey.<\/span> <span class=\"LeftOpDesc\">I don't agree<\/span> <span class=\"OpDesc\">Is Selected<\/span> "},"Type":"If"},"Type":"BooleanExpression"},"Flow":[{"Type":"EndSurvey","FlowID":"FL_7"}]}],"Properties":{"Count":25,"RemovedFieldsets":[]}}},{"SurveyID":"SV_2o7NUBlZVg5gB02","Element":"NT","PrimaryAttribute":"NT_ezHVyMPBqPjbsCa","SecondaryAttribute":null,"TertiaryAttribute":null,"Payload":{"Notes":[{"Message":"Sequential","ID":"NO_1KVOgtvhOHrJqZg","UserID":"UR_d1qYehe4KwqslHE","Timestamp":1648560401,"Removed":false}],"UserStatuses":{"UR_d1qYehe4KwqslHE":"Expanded"},"ParentID":"QID12","ID":"NT_ezHVyMPBqPjbsCa"}},{"SurveyID":"SV_2o7NUBlZVg5gB02","Element":"PL","PrimaryAttribute":"Preview Link","SecondaryAttribute":null,"TertiaryAttribute":null,"Payload":{"PreviewType":"Brand","PreviewID":"1c134974-38af-4f2e-b092-a62a20a9efac"}},{"SurveyID":"SV_2o7NUBlZVg5gB02","Element":"SO","PrimaryAttribute":"Survey Options","SecondaryAttribute":null,"TertiaryAttribute":null,"Payload":{"BackButton":"true","SaveAndContinue":"true","SurveyProtection":"PublicSurvey","BallotBoxStuffingPrevention":"false","NoIndex":"Yes","SecureResponseFiles":"true","SurveyExpiration":"None","SurveyTermination":"DefaultMessage","Header":"","Footer":"","ProgressBarDisplay":"None","PartialData":"+1 week","ValidationMessage":null,"PreviousButton":"","NextButton":"","SurveyTitle":"Examining Voice Onset Time in Hungarian-English Bilinguals \u2013 Uses in Forensic Phonetics","SkinLibrary":"york","SkinType":"MQ","Skin":"york3new","NewScoring":1,"SurveyName":"Examining Voice Onset Time in Hungarian-English Bilinguals \u2013 Uses in Forensic Phonetics","EOSMessage":null,"ShowExportTags":"false","CollectGeoLocation":"false","SurveyMetaDescription":"Examining Voice Onset Time in Hungarian-English Bilinguals \u2013 Uses in Forensic Phonetics","PasswordProtection":"No","AnonymizeResponse":"Yes","RefererCheck":"No","UseCustomSurveyLinkCompletedMessage":null,"SurveyLinkCompletedMessage":null,"SurveyLinkCompletedMessageLibrary":null,"ResponseSummary":"No","EOSMessageLibrary":null,"EOSRedirectURL":null,"EmailThankYou":"false","ThankYouEmailMessageLibrary":null,"ThankYouEmailMessage":null,"ValidateMessage":"false","ValidationMessageLibrary":null,"InactiveSurvey":"DefaultMessage","PartialDeletion":null,"PartialDataCloseAfter":"LastActivity","InactiveMessageLibrary":null,"InactiveMessage":null,"AvailableLanguages":{"EN-GB":[]},"ProtectSelectionIds":true}},{"SurveyID":"SV_2o7NUBlZVg5gB02","Element":"SCO","PrimaryAttribute":"Scoring","SecondaryAttribute":null,"TertiaryAttribute":null,"Payload":{"ScoringCategories":[],"ScoringCategoryGroups":[],"ScoringSummaryCategory":null,"ScoringSummaryAfterQuestions":0,"ScoringSummaryAfterSurvey":0,"DefaultScoringCategory":null,"AutoScoringCategory":null}},{"SurveyID":"SV_2o7NUBlZVg5gB02","Element":"PROJ","PrimaryAttribute":"CORE","SecondaryAttribute":null,"TertiaryAttribute":"1.1.0","Payload":{"ProjectCategory":"CORE","SchemaVersion":"1.1.0"}},{"SurveyID":"SV_2o7NUBlZVg5gB02","Element":"STAT","PrimaryAttribute":"Survey Statistics","SecondaryAttribute":null,"TertiaryAttribute":null,"Payload":{"MobileCompatible":true,"ID":"Survey Statistics"}},{"SurveyID":"SV_2o7NUBlZVg5gB02","Element":"QC","PrimaryAttribute":"Survey Question Count","SecondaryAttribute":"41","TertiaryAttribute":null,"Payload":null},{"SurveyID":"SV_2o7NUBlZVg5gB02","Element":"SQ","PrimaryAttribute":"QID17","SecondaryAttribute":"At what age, do you think, you reached bilingual proficiency in English? Bilingual proficiency, f...","TertiaryAttribute":null,"Payload":{"QuestionText":"At what age, do you think, you reached bilingual proficiency in English?<br><h5><em>Bilingual proficiency, for the purpose of this study, is defined as being able to understand complex texts, being able to interact with a degree of fluency, being able to produce texts in a wide range of subjects, i.e. B2 level<br><\/em><\/h5>","DefaultChoices":false,"DataExportTag":"Q13","QuestionType":"TE","Selector":"SL","Configuration":{"QuestionDescriptionOption":"UseText","InputWidth":60,"InputHeight":29},"QuestionDescription":"At what age, do you think, you reached bilingual proficiency in English? Bilingual proficiency, f...","Validation":{"Settings":{"ForceResponse":"ON","ForceResponseType":"ON","Type":"None"}},"GradingData":[],"Language":[],"NextChoiceId":4,"NextAnswerId":1,"SearchSource":{"AllowFreeResponse":"false"},"QuestionID":"QID17","DataVisibility":{"Private":false,"Hidden":false}}},{"SurveyID":"SV_2o7NUBlZVg5gB02","Element":"SQ","PrimaryAttribute":"QID36","SecondaryAttribute":"By clicking the \"Continue Survey\" button below, you confirm that you have read and understood the...","TertiaryAttribute":null,"Payload":{"QuestionText":"By clicking the \"Continue Survey\" button below, you confirm that you have read and understood the information above, and that you agree to take part in the study.","DefaultChoices":false,"DataExportTag":"Q4","QuestionType":"DB","Selector":"TB","Configuration":{"QuestionDescriptionOption":"UseText"},"QuestionDescription":"By clicking the \"Continue Survey\" button below, you confirm that you have read and understood the...","ChoiceOrder":[],"Validation":{"Settings":{"Type":"None"}},"GradingData":[],"Language":[],"NextChoiceId":4,"NextAnswerId":1,"QuestionID":"QID36","DataVisibility":{"Private":false,"Hidden":false}}},{"SurveyID":"SV_2o7NUBlZVg5gB02","Element":"RS","PrimaryAttribute":"RS_6hhQ1o1yyg34No2","SecondaryAttribute":"Default Response Set","TertiaryAttribute":null,"Payload":null},{"SurveyID":"SV_2o7NUBlZVg5gB02","Element":"SQ","PrimaryAttribute":"QID10","SecondaryAttribute":"Did you learn or acquire English while learning Hungarian or after learning Hungarian?","TertiaryAttribute":null,"Payload":{"QuestionText":"Did you learn or acquire English while learning Hungarian or after learning Hungarian?","DefaultChoices":false,"DataExportTag":"Q9","QuestionType":"MC","Selector":"SAVR","SubSelector":"TX","Configuration":{"QuestionDescriptionOption":"UseText"},"QuestionDescription":"Did you learn or acquire English while learning Hungarian or after learning Hungarian?","Choices":{"1":{"Display":"Simultaneously - while learning Hungarian, under the age of 7"},"2":{"Display":"Sequentially - after learning Hungarian, over the age of 7"}},"ChoiceOrder":[1,2],"Validation":{"Settings":{"ForceResponse":"ON","ForceResponseType":"ON","Type":"None"}},"GradingData":[],"Language":[],"NextChoiceId":3,"NextAnswerId":1,"QuestionID":"QID10","DataVisibility":{"Private":false,"Hidden":false}}},{"SurveyID":"SV_2o7NUBlZVg5gB02","Element":"SQ","PrimaryAttribute":"QID34","SecondaryAttribute":"Do you agree with your data being shared with the Hungarian Academy of Sciences?","TertiaryAttribute":null,"Payload":{"QuestionText":"Do you agree with your data being shared with the Hungarian Academy of Sciences?<br>","DefaultChoices":false,"DataExportTag":"Q2","QuestionType":"MC","Selector":"SAVR","SubSelector":"TX","Configuration":{"QuestionDescriptionOption":"UseText"},"QuestionDescription":"Do you agree with your data being shared with the Hungarian Academy of Sciences?","Choices":{"1":{"Display":"I agree"},"2":{"Display":"I don't agree"}},"ChoiceOrder":[1,"2"],"Validation":{"Settings":{"ForceResponse":"OFF","Type":"None"}},"GradingData":[],"Language":[],"NextChoiceId":3,"NextAnswerId":1,"QuestionID":"QID34","DataVisibility":{"Private":false,"Hidden":false}}},{"SurveyID":"SV_2o7NUBlZVg5gB02","Element":"SQ","PrimaryAttribute":"QID11","SecondaryAttribute":"Do you also speak English?","TertiaryAttribute":null,"Payload":{"QuestionText":"Do you also speak English?","DefaultChoices":false,"DataExportTag":"Q7","QuestionType":"MC","Selector":"SAVR","SubSelector":"TX","Configuration":{"QuestionDescriptionOption":"UseText","Autoscale":{"YScale":{"Name":"yesNo","Type":"likert","Reverse":true}}},"QuestionDescription":"Do you also speak English?","Choices":{"1":{"Display":"Yes"},"2":{"Display":"No"}},"ChoiceOrder":[1,2],"Validation":{"Settings":{"ForceResponse":"ON","ForceResponseType":"ON","Type":"None"}},"GradingData":[],"Language":[],"NextChoiceId":3,"NextAnswerId":1,"QuestionID":"QID11","DataVisibility":{"Private":false,"Hidden":false}}},{"SurveyID":"SV_2o7NUBlZVg5gB02","Element":"SQ","PrimaryAttribute":"QID19","SecondaryAttribute":"Do you speak any other languages?","TertiaryAttribute":null,"Payload":{"QuestionText":"Do you speak any other languages?","DefaultChoices":false,"DataExportTag":"Q14","QuestionID":"QID19","QuestionType":"MC","Selector":"SAVR","SubSelector":"TX","Configuration":{"QuestionDescriptionOption":"UseText","Autoscale":{"YScale":{"Name":"yesNo","Type":"likert","Reverse":true}}},"QuestionDescription":"Do you speak any other languages?","Choices":{"1":{"Display":"Yes"},"2":{"Display":"No"}},"ChoiceOrder":[1,2],"Validation":{"Settings":{"ForceResponse":"ON","ForceResponseType":"ON","Type":"None"}},"GradingData":[],"Language":[],"NextChoiceId":3,"NextAnswerId":1,"DataVisibility":{"Private":false,"Hidden":false}}},{"SurveyID":"SV_2o7NUBlZVg5gB02","Element":"SQ","PrimaryAttribute":"QID33","SecondaryAttribute":"Examining Voice Onset Time in Hungarian-English Bilinguals \u2013 Applications in Forensic Phonetics \u00a0","TertiaryAttribute":null,"Payload":{"QuestionText":"<h2>Examining Voice Onset Time in Hungarian-English Bilinguals \u2013 Applications in Forensic Phonetics<\/h2>\n&nbsp;\n\n<h3>Study Information<\/h3>\nResearcher: Julia Pakai - jp2035@york.ac.uk<br>\n&nbsp;\n<h3>What is the research about?<\/h3>\nThe research examines some aspects of pronunciation in bilinguals and how they could be used in a forensic context. Furthermore, general information about VOT in Hungarian-English bilinguals and the reasons for possible differences will be examined.<br>\n&nbsp;\n<h3>What does the study involve?<\/h3>\nData will be gathered from Hungarian-English bilingual speakers residing in English-speaking countries or in Hungary. All participants are asked to provide their linguistic background and demographic data. Each participant will record reading tasks and spontaneous speech tasks. The tasks will be recorded in Hungarian and English. Approximately 30 minutes of speech will be recorded per participant (15 minutes English, 15 minutes Hungarian). Participants will be asked to provide their recordings by email or submission into a cloud folder on Google Drive or Qualtrics.<br><br>\n<h3>What will happen to the data I provide?<\/h3>\nThe survey responses are completely anonymous and only identifiable by a participant number assigned to the participant at the beginning of the interview. This is also used to match the recordings to the survey response. Upon reception of the recordings, the data will be anonymised and will only be identifiable by participant number.<br><br>\nIf you have any queries, concerns, or complaints, please contact one of the following:<br><br>\nUniversity of York Language and Linguistic Science Ethics Committee - linguistics-ethics@york.ac.uk<br>\nProf Paul Foulkes (Supervisor) - paul.foulkes@york.ac.uk<br>\nDr Eleanor Chodroff (Supervisor) - eleanor.chodroff@york.ac.uk<br><br>\nYou are able to end your participation at any time during the inteview and data collection. You can also withdraw your consent to participate in the interview after participation, until the data has been processed. You can do this using the participant number you are provided with.<br><br>\nThis study is run with the University of York's <a href=\"https:\/\/www.york.ac.uk\/records-management\/dp\/your-info\/generalprivacynotice\/\">General Privacy Notice<\/a> and will respect all your rights as described therein.<br><br>\nYour data may be shared with the Hungarian Academy of Sciences. The data provided will then be stored according to their GDPR regulations. You may withdraw consent from this without affecting your ability to participate in the study below.<br>","DefaultChoices":false,"DataExportTag":"Q1","QuestionType":"DB","Selector":"TB","Configuration":{"QuestionDescriptionOption":"UseText"},"QuestionDescription":"Examining Voice Onset Time in Hungarian-English Bilinguals \u2013 Applications in Forensic Phonetics \u00a0...","ChoiceOrder":[],"Validation":{"Settings":{"Type":"None"}},"GradingData":[],"Language":[],"NextChoiceId":4,"NextAnswerId":1,"QuestionID":"QID33","DataVisibility":{"Private":false,"Hidden":false}}},{"SurveyID":"SV_2o7NUBlZVg5gB02","Element":"SQ","PrimaryAttribute":"QID23","SecondaryAttribute":"Have you lived in any other country? ( 6 months) You do not need to indicate if you ever lived in...","TertiaryAttribute":null,"Payload":{"QuestionText":"Have you lived in any other country? (&gt;6 months)<br><h5><em>You do not need to indicate if you ever lived in another country apart from your birth and current country.<\/em><\/h5>","DefaultChoices":false,"DataExportTag":"Q18","QuestionType":"MC","Selector":"SAVR","SubSelector":"TX","Configuration":{"QuestionDescriptionOption":"UseText"},"QuestionDescription":"Have you lived in any other country? ( 6 months) You do not need to indicate if you ever lived in...","Choices":{"3":{"Display":"Yes"},"4":{"Display":"No"}},"ChoiceOrder":["3","4"],"Validation":{"Settings":{"ForceResponse":"ON","ForceResponseType":"ON","Type":"None"}},"GradingData":[],"Language":[],"NextChoiceId":5,"NextAnswerId":1,"QuestionID":"QID23","DataVisibility":{"Private":false,"Hidden":false}}},{"SurveyID":"SV_2o7NUBlZVg5gB02","Element":"SQ","PrimaryAttribute":"QID25","SecondaryAttribute":"Have you spent any other relevant time abroad? ( 3 months)","TertiaryAttribute":null,"Payload":{"QuestionText":"Have you spent any other relevant time abroad? (&gt;3 months)","DefaultChoices":false,"DataExportTag":"Q20","QuestionType":"MC","Selector":"SAVR","SubSelector":"TX","Configuration":{"QuestionDescriptionOption":"UseText","Autoscale":{"YScale":{"Name":"yesNo","Type":"likert","Reverse":true}}},"QuestionDescription":"Have you spent any other relevant time abroad? ( 3 months)","Choices":{"1":{"Display":"Yes"},"2":{"Display":"No"}},"ChoiceOrder":[1,2],"Validation":{"Settings":{"ForceResponse":"ON","ForceResponseType":"ON","Type":"None"}},"GradingData":[],"Language":[],"NextChoiceId":3,"NextAnswerId":1,"QuestionID":"QID25","DataVisibility":{"Private":false,"Hidden":false}}},{"SurveyID":"SV_2o7NUBlZVg5gB02","Element":"SQ","PrimaryAttribute":"QID14","SecondaryAttribute":"How did you acquire English? Please select the main source","TertiaryAttribute":null,"Payload":{"QuestionText":"How did you acquire English?<br><h5><em>Please select the main source<\/em><\/h5>","DefaultChoices":false,"DataExportTag":"Q10 - simultaneous","QuestionType":"MC","Selector":"SAVR","SubSelector":"TX","Configuration":{"QuestionDescriptionOption":"UseText"},"QuestionDescription":"How did you acquire English? Please select the main source","Choices":{"1":{"Display":"One or both parents are native English speakers"},"2":{"Display":"I grew up in an English speaking country"},"3":{"Display":"I went to a bilingual nursery\/kindergarten\/school"},"4":{"Display":"One or both parents are English speakers, but not native"},"5":{"Display":"Other","TextEntry":"true"}},"ChoiceOrder":[1,2,3,4,5],"Validation":{"Settings":{"ForceResponse":"ON","ForceResponseType":"ON","Type":"None"}},"GradingData":[],"Language":[],"NextChoiceId":6,"NextAnswerId":1,"QuestionID":"QID14","DisplayLogic":{"0":{"0":{"ChoiceLocator":"q:\/\/QID10\/SelectableChoice\/1","Description":"<span class=\"ConjDesc\">If<\/span> <span class=\"QuestionDesc\">Did you learn or acquire English while learning Hungarian or after learning Hungarian?<\/span> <span class=\"LeftOpDesc\">Simultaneously - while learning Hungarian, under the age of 7<\/span> <span class=\"OpDesc\">Is Selected<\/span> ","LeftOperand":"q:\/\/QID10\/SelectableChoice\/1","LogicType":"Question","Operator":"Selected","QuestionID":"QID10","QuestionIDFromLocator":"QID10","QuestionIsInLoop":"no","Type":"Expression"},"Type":"If"},"Type":"BooleanExpression","inPage":false},"DataVisibility":{"Private":false,"Hidden":false}}},{"SurveyID":"SV_2o7NUBlZVg5gB02","Element":"SQ","PrimaryAttribute":"QID15","SecondaryAttribute":"How did you learn English? Please select the main source","TertiaryAttribute":null,"Payload":{"QuestionText":"How did you learn English?<h5><em>Please select the main source<\/em><\/h5>","DefaultChoices":false,"DataExportTag":"Q11 - sequential","QuestionType":"MC","Selector":"SAVR","SubSelector":"TX","Configuration":{"QuestionDescriptionOption":"UseText"},"QuestionDescription":"How did you learn English? Please select the main source","Choices":{"1":{"Display":"At school"},"2":{"Display":"As part of an extracurricular activity"},"3":{"Display":"For myself, e.g. using duolingo and other resources (no formal learning environment)"},"4":{"Display":"By moving to an English-speaking country (I didn't speak English before)"},"5":{"Display":"By moving to an English-speaking country (I learned English before)"},"6":{"Display":"Other","TextEntry":"true"}},"ChoiceOrder":[1,2,3,4,5,6],"Validation":{"Settings":{"ForceResponse":"ON","ForceResponseType":"ON","Type":"None"}},"GradingData":[],"Language":[],"NextChoiceId":7,"NextAnswerId":1,"QuestionID":"QID15","DisplayLogic":{"0":{"0":{"ChoiceLocator":"q:\/\/QID10\/SelectableChoice\/2","Description":"<span class=\"ConjDesc\">If<\/span> <span class=\"QuestionDesc\">Did you learn or acquire English while learning Hungarian or after learning Hungarian?<\/span> <span class=\"LeftOpDesc\">Sequentially - after learning Hungarian, over the age of 7<\/span> <span class=\"OpDesc\">Is Selected<\/span> ","LeftOperand":"q:\/\/QID10\/SelectableChoice\/2","LogicType":"Question","Operator":"Selected","QuestionID":"QID10","QuestionIDFromLocator":"QID10","QuestionIsInLoop":"no","Type":"Expression"},"Type":"If"},"Type":"BooleanExpression","inPage":false},"DataVisibility":{"Private":false,"Hidden":false}}},{"SurveyID":"SV_2o7NUBlZVg5gB02","Element":"SQ","PrimaryAttribute":"QID37","SecondaryAttribute":"How long did you live or have you been living in Hungary? Please enter the total amount of time l...","TertiaryAttribute":null,"Payload":{"QuestionText":"How long did you live or have you been living in Hungary?<br><h5><em>Please enter the total amount of time living there, even if it wasn't continuous.<br><br>please specify years or months<\/em><\/h5>","DefaultChoices":false,"DataExportTag":"Q27","QuestionType":"TE","Selector":"SL","Configuration":{"QuestionDescriptionOption":"UseText"},"QuestionDescription":"How long did you live or have you been living in Hungary? Please enter the total amount of time l...","Validation":{"Settings":{"ForceResponse":"OFF","Type":"None"}},"GradingData":[],"Language":[],"NextChoiceId":4,"NextAnswerId":1,"SearchSource":{"AllowFreeResponse":"false"},"QuestionID":"QID37","DataVisibility":{"Private":false,"Hidden":false}}},{"SurveyID":"SV_2o7NUBlZVg5gB02","Element":"SQ","PrimaryAttribute":"QID38","SecondaryAttribute":"How long have you been living in the country you are currently living in? Please enter the total...","TertiaryAttribute":null,"Payload":{"QuestionText":"How long have you been living in the country you are currently living in?<br><h5><em>Please enter the total amount of time living there, even if it wasn't continuous.<br><br>please specify years or months<\/em><\/h5>","DefaultChoices":false,"DataExportTag":"Q28","QuestionType":"TE","Selector":"SL","DataVisibility":{"Private":false,"Hidden":false},"Configuration":{"QuestionDescriptionOption":"UseText"},"QuestionDescription":"How long have you been living in the country you are currently living in? Please enter the total...","Validation":{"Settings":{"ForceResponse":"OFF","Type":"None"}},"GradingData":[],"Language":[],"NextChoiceId":4,"NextAnswerId":1,"SearchSource":{"AllowFreeResponse":"false"},"QuestionID":"QID38"}},{"SurveyID":"SV_2o7NUBlZVg5gB02","Element":"SQ","PrimaryAttribute":"QID3","SecondaryAttribute":"How old are you?","TertiaryAttribute":null,"Payload":{"QuestionText":"How old are you?","DefaultChoices":false,"DataExportTag":"Q22","QuestionID":"QID3","QuestionType":"TE","Selector":"SL","DataVisibility":{"Private":false,"Hidden":false},"Configuration":{"QuestionDescriptionOption":"UseText","InputWidth":60,"InputHeight":29},"QuestionDescription":"How old are you?","Validation":{"Settings":{"ForceResponse":"OFF","Type":"None"}},"GradingData":[],"Language":[],"NextChoiceId":7,"NextAnswerId":1,"SearchSource":{"AllowFreeResponse":"false"}}},{"SurveyID":"SV_2o7NUBlZVg5gB02","Element":"SQ","PrimaryAttribute":"QID16","SecondaryAttribute":"How old were you when you started learning English?","TertiaryAttribute":null,"Payload":{"QuestionText":"How old were you when you started learning English?<br>","DefaultChoices":false,"DataExportTag":"Q12","QuestionType":"TE","Selector":"SL","Configuration":{"QuestionDescriptionOption":"UseText","InputWidth":60,"InputHeight":29},"QuestionDescription":"How old were you when you started learning English?","Validation":{"Settings":{"ForceResponse":"ON","ForceResponseType":"ON","Type":"None"}},"GradingData":[],"Language":[],"NextChoiceId":4,"NextAnswerId":1,"SearchSource":{"AllowFreeResponse":"false"},"QuestionID":"QID16","DataVisibility":{"Private":false,"Hidden":false}}},{"SurveyID":"SV_2o7NUBlZVg5gB02","Element":"SQ","PrimaryAttribute":"QID1","SecondaryAttribute":"If you don't want to take part in the research tick the box below to exit the survey.","TertiaryAttribute":null,"Payload":{"QuestionText":"If you don't want to take part in the research tick the box below to exit the survey.","DataExportTag":"Q3","QuestionType":"MC","Selector":"SAVR","SubSelector":"TX","Configuration":{"QuestionDescriptionOption":"UseText"},"QuestionDescription":"If you don't want to take part in the research tick the box below to exit the survey.","Choices":{"1":{"Display":"I don't agree"}},"ChoiceOrder":[1],"Validation":{"Settings":{"ForceResponse":"OFF","ForceResponseType":"ON","Type":"None"}},"Language":[],"NextChoiceId":2,"NextAnswerId":1,"QuestionID":"QID1","DataVisibility":{"Private":false,"Hidden":false}}},{"SurveyID":"SV_2o7NUBlZVg5gB02","Element":"SQ","PrimaryAttribute":"QID9","SecondaryAttribute":"Is Hungarian your first language?","TertiaryAttribute":null,"Payload":{"QuestionText":"Is Hungarian your first language?","DefaultChoices":false,"DataExportTag":"Q6","QuestionType":"MC","Selector":"SAVR","SubSelector":"TX","Configuration":{"QuestionDescriptionOption":"UseText","Autoscale":{"YScale":{"Name":"yesNo","Type":"likert","Reverse":true}}},"QuestionDescription":"Is Hungarian your first language?","Choices":{"1":{"Display":"Yes"},"2":{"Display":"No"}},"ChoiceOrder":[1,2],"Validation":{"Settings":{"ForceResponse":"ON","ForceResponseType":"ON","Type":"None"}},"GradingData":[],"Language":[],"NextChoiceId":3,"NextAnswerId":1,"QuestionID":"QID9","DataVisibility":{"Private":false,"Hidden":false}}},{"SurveyID":"SV_2o7NUBlZVg5gB02","Element":"SQ","PrimaryAttribute":"QID30","SecondaryAttribute":"Is there anything you would like to add?","TertiaryAttribute":null,"Payload":{"QuestionText":"Is there anything you would like to add?","DefaultChoices":false,"DataExportTag":"Q26","QuestionType":"TE","Selector":"ESTB","Configuration":{"QuestionDescriptionOption":"UseText"},"QuestionDescription":"Is there anything you would like to add?","Validation":{"Settings":{"ForceResponse":"OFF","Type":"None"}},"GradingData":[],"Language":[],"NextChoiceId":4,"NextAnswerId":1,"SearchSource":{"AllowFreeResponse":"false"},"QuestionID":"QID30","DataVisibility":{"Private":false,"Hidden":false}}},{"SurveyID":"SV_2o7NUBlZVg5gB02","Element":"SQ","PrimaryAttribute":"QID32","SecondaryAttribute":"Please enter your participant number in the box below: If your interviewer has not given you your...","TertiaryAttribute":null,"Payload":{"QuestionText":"Please enter your participant number in the box below:<br><h5><em>If your interviewer has not given you your participant number yet, please ask them now.<\/em><\/h5>","DefaultChoices":false,"DataExportTag":"Q5","QuestionType":"TE","Selector":"SL","Configuration":{"QuestionDescriptionOption":"UseText"},"QuestionDescription":"Please enter your participant number in the box below: If your interviewer has not given you your...","Validation":{"Settings":{"ForceResponse":"ON","ForceResponseType":"ON","Type":"None"}},"GradingData":[],"Language":[],"NextChoiceId":4,"NextAnswerId":1,"SearchSource":{"AllowFreeResponse":"false"},"QuestionID":"QID32","DataVisibility":{"Private":false,"Hidden":false}}},{"SurveyID":"SV_2o7NUBlZVg5gB02","Element":"SQ","PrimaryAttribute":"QID27","SecondaryAttribute":"Please indicate any other country you ever lived in and how much time you spent there here:","TertiaryAttribute":null,"Payload":{"QuestionText":"Please indicate any other country you ever lived in and how much time you spent there here:","QuestionJS":"Qualtrics.SurveyEngine.addOnload(function()\n{\n\t\/*Place your JavaScript here to run when the page loads*\/\n\n});\n\nQualtrics.SurveyEngine.addOnReady(function()\n{\n\t\/*Place your JavaScript here to run when the page is fully displayed*\/\n\n});\n\nQualtrics.SurveyEngine.addOnUnload(function()\n{\n\t\/*Place your JavaScript here to run when the page is unloaded*\/\n\n});\n\nQualtrics.SurveyEngine.addOnReady(function()\n{\n    var that=this.questionId;\njQuery(\"#\"+this.questionId+\" tr.ChoiceRow:not(:lt(1))\").hide();\njQuery(\"<input type='button' id='add' value='Add Country' name='+' \/>\").insertAfter(\"#\"+this.questionId+\" tr.ChoiceRow:last\");\njQuery(\"#add\").on('click',function(){\n        var c= jQuery(\"tr.ChoiceRow:visible\").length;\n        jQuery(\"#\"+that+\" tr.ChoiceRow:eq(\"+c+\")\").show(); \n    });\n\n});","DefaultChoices":false,"DataExportTag":"Q19","QuestionID":"QID27","QuestionType":"Matrix","Selector":"TE","SubSelector":"Long","Configuration":{"QuestionDescriptionOption":"UseText","TextPosition":"inline","ChoiceColumnWidth":25,"RepeatHeaders":"none","MobileFirst":true},"QuestionDescription":"Please indicate any other country you ever lived in and how much time you spent there here:","Choices":{"1":{"Display":"1"},"2":{"Display":"2"},"3":{"Display":"3"},"4":{"Display":"4"},"5":{"Display":"5"},"6":{"Display":"6"},"7":{"Display":"7"},"8":{"Display":"8"},"9":{"Display":"9"},"10":{"Display":"10"}},"ChoiceOrder":[1,2,3,4,5,6,7,8,9,10],"Validation":{"Settings":{"ForceResponse":"OFF","ForceResponseType":"RequestResponse","Type":"None"}},"GradingData":[],"Language":[],"NextChoiceId":11,"NextAnswerId":3,"Answers":{"1":{"Display":"Country"},"2":{"Display":"Time spent there"}},"AnswerOrder":[1,2],"ChoiceDataExportTags":false,"DisplayLogic":{"0":{"0":{"ChoiceLocator":"q:\/\/QID23\/SelectableChoice\/3","Description":"<span class=\"ConjDesc\">If<\/span> <span class=\"QuestionDesc\">Have you lived in any other country? ( 6 months) You do not need to indicate if you ever lived in...<\/span> <span class=\"LeftOpDesc\">Yes<\/span> <span class=\"OpDesc\">Is Selected<\/span> ","LeftOperand":"q:\/\/QID23\/SelectableChoice\/3","LogicType":"Question","Operator":"Selected","QuestionID":"QID23","QuestionIDFromLocator":"QID23","QuestionIsInLoop":"no","Type":"Expression"},"Type":"If"},"Type":"BooleanExpression","inPage":false},"DataVisibility":{"Private":false,"Hidden":false}}},{"SurveyID":"SV_2o7NUBlZVg5gB02","Element":"SQ","PrimaryAttribute":"QID28","SecondaryAttribute":"Please indicate any other country you ever spent relevant time in and how long you spent there here:","TertiaryAttribute":null,"Payload":{"QuestionText":"Please indicate any other country you ever spent relevant time in and how long you spent there here:","QuestionJS":"Qualtrics.SurveyEngine.addOnload(function()\n{\n\t\/*Place your JavaScript here to run when the page loads*\/\n\n});\n\nQualtrics.SurveyEngine.addOnReady(function()\n{\n\t\/*Place your JavaScript here to run when the page is fully displayed*\/\n\n});\n\nQualtrics.SurveyEngine.addOnUnload(function()\n{\n\t\/*Place your JavaScript here to run when the page is unloaded*\/\n\n});\n\nQualtrics.SurveyEngine.addOnReady(function()\n{\n    var that=this.questionId;\njQuery(\"#\"+this.questionId+\" tr.ChoiceRow:not(:lt(1))\").hide();\njQuery(\"<input type='button' id='add' value='Add Country' name='+' \/>\").insertAfter(\"#\"+this.questionId+\" tr.ChoiceRow:last\");\njQuery(\"#add\").on('click',function(){\n        var c= jQuery(\"tr.ChoiceRow:visible\").length;\n        jQuery(\"#\"+that+\" tr.ChoiceRow:eq(\"+c+\")\").show(); \n    });\n\n});","DefaultChoices":false,"DataExportTag":"Q21","QuestionType":"Matrix","Selector":"TE","SubSelector":"Long","DataVisibility":{"Private":false,"Hidden":false},"Configuration":{"QuestionDescriptionOption":"UseText","TextPosition":"inline","ChoiceColumnWidth":25,"RepeatHeaders":"none","MobileFirst":true},"QuestionDescription":"Please indicate any other country you ever spent relevant time in and how long you spent there here:","Choices":{"1":{"Display":"1"},"2":{"Display":"2"},"3":{"Display":"3"},"4":{"Display":"4"},"5":{"Display":"5"},"6":{"Display":"6"},"7":{"Display":"7"},"8":{"Display":"8"},"9":{"Display":"9"},"10":{"Display":"10"}},"DisplayLogic":{"0":{"0":{"ChoiceLocator":"q:\/\/QID25\/SelectableChoice\/1","Description":"<span class=\"ConjDesc\">If<\/span> <span class=\"QuestionDesc\">Have you spent any other relevant time abroad? ( 3 months)<\/span> <span class=\"LeftOpDesc\">Yes<\/span> <span class=\"OpDesc\">Is Selected<\/span> ","LeftOperand":"q:\/\/QID25\/SelectableChoice\/1","LogicType":"Question","Operator":"Selected","QuestionID":"QID25","QuestionIDFromLocator":"QID25","QuestionIsInLoop":"no","Type":"Expression"},"Type":"If"},"Type":"BooleanExpression","inPage":false},"ChoiceOrder":[1,2,3,4,5,6,7,8,9,10],"Validation":{"Settings":{"ForceResponse":"OFF","ForceResponseType":"RequestResponse","Type":"None"}},"GradingData":[],"Language":[],"NextChoiceId":11,"NextAnswerId":3,"Answers":{"1":{"Display":"Country"},"2":{"Display":"Time spent there"}},"AnswerOrder":[1,2],"ChoiceDataExportTags":false,"QuestionID":"QID28"}},{"SurveyID":"SV_2o7NUBlZVg5gB02","Element":"SQ","PrimaryAttribute":"QID29","SecondaryAttribute":"Please indicate any other language you speak and your proficiency level according to the CEFR fra...","TertiaryAttribute":null,"Payload":{"QuestionText":"Please indicate any other language you speak and your proficiency level according to the CEFR framework here:<br>\n<h5><em>A1 - beginner<br>\nA2 - pre-intermediate - bel\u00e9p\u0151fok<br>\nB1 - intermediate - alapfok<br>\nB2 - upper intermediate - k\u00f6z\u00e9pfok<br>\nC1 - advanced - fels\u0151fok<br>\nC2 - proficient<\/em><\/h5>","QuestionJS":"Qualtrics.SurveyEngine.addOnload(function()\n{\n\t\/*Place your JavaScript here to run when the page loads*\/\n\n});\n\nQualtrics.SurveyEngine.addOnReady(function()\n{\n\t\/*Place your JavaScript here to run when the page is fully displayed*\/\n\n});\n\nQualtrics.SurveyEngine.addOnUnload(function()\n{\n\t\/*Place your JavaScript here to run when the page is unloaded*\/\n\n});\n\nQualtrics.SurveyEngine.addOnReady(function()\n{\n    var that=this.questionId;\njQuery(\"#\"+this.questionId+\" tr.ChoiceRow:not(:lt(1))\").hide();\njQuery(\"<input type='button' id='add' value='Add Language' name='+' \/>\").insertAfter(\"#\"+this.questionId+\" tr.ChoiceRow:last\");\njQuery(\"#add\").on('click',function(){\n        var c= jQuery(\"tr.ChoiceRow:visible\").length;\n        jQuery(\"#\"+that+\" tr.ChoiceRow:eq(\"+c+\")\").show(); \n    });\n\n});","DefaultChoices":false,"DataExportTag":"Q15","QuestionType":"Matrix","Selector":"TE","SubSelector":"Long","DataVisibility":{"Private":false,"Hidden":false},"Configuration":{"QuestionDescriptionOption":"UseText","TextPosition":"inline","ChoiceColumnWidth":25,"RepeatHeaders":"none","MobileFirst":true},"QuestionDescription":"Please indicate any other language you speak and your proficiency level according to the CEFR fra...","Choices":{"1":{"Display":"1"},"2":{"Display":"2"},"3":{"Display":"3"},"4":{"Display":"4"},"5":{"Display":"5"},"6":{"Display":"6"},"7":{"Display":"7"},"8":{"Display":"8"},"9":{"Display":"9"},"10":{"Display":"10"}},"DisplayLogic":{"0":{"0":{"ChoiceLocator":"q:\/\/QID19\/SelectableChoice\/1","Description":"<span class=\"ConjDesc\">If<\/span> <span class=\"QuestionDesc\">Do you speak any other languages?<\/span> <span class=\"LeftOpDesc\">Yes<\/span> <span class=\"OpDesc\">Is Selected<\/span> ","LeftOperand":"q:\/\/QID19\/SelectableChoice\/1","LogicType":"Question","Operator":"Selected","QuestionID":"QID19","QuestionIDFromLocator":"QID19","QuestionIsInLoop":"no","Type":"Expression"},"Type":"If"},"Type":"BooleanExpression","inPage":false},"ChoiceOrder":[1,2,3,4,5,6,7,8,9,10],"Validation":{"Settings":{"ForceResponse":"OFF","ForceResponseType":"RequestResponse","Type":"None"}},"GradingData":[],"Language":[],"NextChoiceId":11,"NextAnswerId":3,"Answers":{"1":{"Display":"Language"},"2":{"Display":"Proficiency level"}},"AnswerOrder":[1,2],"ChoiceDataExportTags":false,"QuestionID":"QID29"}},{"SurveyID":"SV_2o7NUBlZVg5gB02","Element":"SQ","PrimaryAttribute":"QID31","SecondaryAttribute":"Please specify your highest level of education here:","TertiaryAttribute":null,"Payload":{"QuestionText":"Please specify your highest level of education here:","DefaultChoices":false,"DataExportTag":"Q25","QuestionType":"TE","Selector":"SL","Configuration":{"QuestionDescriptionOption":"UseText"},"QuestionDescription":"Please specify your highest level of education here:","Validation":{"Settings":{"ForceResponse":"OFF","Type":"None"}},"GradingData":[],"Language":[],"NextChoiceId":4,"NextAnswerId":1,"SearchSource":{"AllowFreeResponse":"false"},"QuestionID":"QID31","DisplayLogic":{"0":{"0":{"ChoiceLocator":"q:\/\/QID21\/SelectableChoice\/14","Description":"<span class=\"ConjDesc\">If<\/span> <span class=\"QuestionDesc\">What is your highest level of education? If your qualification is not on the list, please choose...<\/span> <span class=\"LeftOpDesc\">Other qualification<\/span> <span class=\"OpDesc\">Is Selected<\/span> ","LeftOperand":"q:\/\/QID21\/SelectableChoice\/14","LogicType":"Question","Operator":"Selected","QuestionID":"QID21","QuestionIDFromLocator":"QID21","QuestionIsInLoop":"no","Type":"Expression"},"Type":"If"},"Type":"BooleanExpression","inPage":false},"DataVisibility":{"Private":false,"Hidden":false}}},{"SurveyID":"SV_2o7NUBlZVg5gB02","Element":"SQ","PrimaryAttribute":"QID39","SecondaryAttribute":"question 1","TertiaryAttribute":null,"Payload":{"QuestionText":"question 1","DefaultChoices":false,"DataExportTag":"Q29","QuestionType":"MC","Selector":"SAVR","SubSelector":"TX","Configuration":{"QuestionDescriptionOption":"UseText"},"QuestionDescription":"question 1","Choices":{"1":{"Display":"Click to write Choice 1"},"2":{"Display":"Click to write Choice 2"},"3":{"Display":"Click to write Choice 3"}},"ChoiceOrder":["1","2","3"],"Validation":{"Settings":{"ForceResponse":"OFF","Type":"None"}},"GradingData":[],"Language":[],"NextChoiceId":4,"NextAnswerId":1,"QuestionID":"QID39","QuestionJS":"Qualtrics.SurveyEngine.addOnload(function()\n\n{\n\nvar that = this;\n\t\n\/*Place your JavaScript here to run when the page loads*\/\n\/*adds html timer to top of page *\/\nvar header = document.createElement(\"div\");  \nheader.className = \"header\"  \nheader.id = \"header_1\";  \nvar timer = document.createElement(\"div\");  \n  timer.className = \"timer\";  \n  timer.id = \"timer_1\";  \n\/*if you chang ethe time, change seconds here*\/\ntimer.innerHTML = \"Time Remaining: <span id='time'>00:30<\/span>\"; \nheader.appendChild(timer);\ndocument.body.insertBefore(header, document.body.firstChild);\n\/*actual timer funtion. don't change anything in here, this is just maths because time is hexadecimal and normal maths logic is decimal*\/\nfunction startTimer(duration, display) {  \nvar timer = duration, minutes, seconds;  \n  var myTimer = setInterval(function() {  \n   minutes = parseInt(timer \/ 60, 10)  \n   seconds = parseInt(timer % 60, 10);  \n   minutes = minutes < 10 ? \"0\" + minutes : minutes;  \n   seconds = seconds < 10 ? \"0\" + seconds : seconds;  \n   var text = ('innerText' in display)? 'innerText' : 'textContent';\n   display[text] = minutes + \":\" + seconds;  \n   if (--timer < 0) {  \nclearInterval(myTimer);  \n   timeOver();  \n}  \n}, 1000);  \n}  \n\/*timer settings, change seconds here too*\/\n var timerSeconds = 30,  \n display = document.querySelector('#time');  \n startTimer(timerSeconds, display);  \n var timeOver = function() {  \ndocument.getElementById(\"timer_1\").innerHTML = \"Time is up.\";  \nthat.clickNextButton();\n\n }  \n \/*clears timer*\/\n \n Qualtrics.SurveyEngine.addOnUnload(function()\n\n{\n\n\/*Place your JavaScript here to run when the page is unloaded*\/\n\nclearInterval(myTimer); \n\n});\n\n\n\n});\n\n\n\nQualtrics.SurveyEngine.addOnReady(function()\n\n{\n\n\/*Place your JavaScript here to run when the page is fully displayed*\/\n\n\n\n});","DataVisibility":{"Private":false,"Hidden":false}}},{"SurveyID":"SV_2o7NUBlZVg5gB02","Element":"SQ","PrimaryAttribute":"QID40","SecondaryAttribute":"question 2","TertiaryAttribute":null,"Payload":{"QuestionText":"question 2","DefaultChoices":false,"DataExportTag":"Q30","QuestionType":"MC","Selector":"SAVR","SubSelector":"TX","Configuration":{"QuestionDescriptionOption":"UseText"},"QuestionDescription":"question 2","Choices":{"1":{"Display":"Click to write Choice 1"},"2":{"Display":"Click to write Choice 2"},"3":{"Display":"Click to write Choice 3"}},"ChoiceOrder":["1","2","3"],"Validation":{"Settings":{"ForceResponse":"OFF","Type":"None"}},"GradingData":[],"Language":[],"NextChoiceId":4,"NextAnswerId":1,"QuestionID":"QID40"}},{"SurveyID":"SV_2o7NUBlZVg5gB02","Element":"SQ","PrimaryAttribute":"QID41","SecondaryAttribute":"question 3","TertiaryAttribute":null,"Payload":{"QuestionText":"question 3","DefaultChoices":false,"DataExportTag":"Q31","QuestionType":"MC","Selector":"SAVR","SubSelector":"TX","Configuration":{"QuestionDescriptionOption":"UseText"},"QuestionDescription":"question 3","Choices":{"1":{"Display":"Click to write Choice 1"},"2":{"Display":"Click to write Choice 2"},"3":{"Display":"Click to write Choice 3"}},"ChoiceOrder":["1","2","3"],"Validation":{"Settings":{"ForceResponse":"OFF","Type":"None"}},"GradingData":[],"Language":[],"NextChoiceId":4,"NextAnswerId":1,"QuestionID":"QID41"}},{"SurveyID":"SV_2o7NUBlZVg5gB02","Element":"SQ","PrimaryAttribute":"QID4","SecondaryAttribute":"What is your gender?","TertiaryAttribute":null,"Payload":{"QuestionText":"What is your gender?","DefaultChoices":false,"DataExportTag":"Q23","QuestionType":"MC","Selector":"SAVR","SubSelector":"TX","Configuration":{"QuestionDescriptionOption":"UseText"},"QuestionDescription":"What is your gender?","Choices":{"1":{"Display":"Male"},"2":{"Display":"Female"},"3":{"Display":"Non-binary \/ third gender"},"4":{"Display":"Other","TextEntry":"true"}},"ChoiceOrder":["1","2","3","4"],"Validation":{"Settings":{"ForceResponse":"ON","ForceResponseType":"ON","Type":"None"}},"GradingData":[],"Language":[],"NextChoiceId":5,"NextAnswerId":1,"QuestionID":"QID4","DataVisibility":{"Private":false,"Hidden":false}}},{"SurveyID":"SV_2o7NUBlZVg5gB02","Element":"SQ","PrimaryAttribute":"QID21","SecondaryAttribute":"What is your highest level of education? If your qualification is not on the list, please choose...","TertiaryAttribute":null,"Payload":{"QuestionText":"What is your highest level of education?<br><h5><em>If your qualification is not on the list, please choose the closest equivalent or other<\/em><\/h5>","DefaultChoices":false,"DataExportTag":"Q24","QuestionType":"MC","Selector":"DL","Configuration":{"QuestionDescriptionOption":"UseText"},"QuestionDescription":"What is your highest level of education? If your qualification is not on the list, please choose...","Choices":{"1":{"Display":"--Hungarian Qualifications--"},"2":{"Display":"\u00c1ltal\u00e1nos iskola nyolc oszt\u00e1ly"},"3":{"Display":"Szakk\u00f6z\u00e9piskolai v\u00e9gzetts\u00e9g"},"4":{"Display":"\u00c9retts\u00e9gi"},"5":{"Display":"--UK qualifications--"},"6":{"Display":"GCSEs"},"7":{"Display":"Apprenticeship"},"8":{"Display":"A levels"},"9":{"Display":"--Higher Education Qualifications--"},"10":{"Display":"Bachelor's Degree"},"11":{"Display":"Master's Degree"},"12":{"Display":"PhD or above"},"13":{"Display":"----"},"14":{"Display":"Other qualification"}},"ChoiceOrder":[1,2,3,4,5,6,7,8,9,10,11,12,13,14],"Validation":{"Settings":{"ForceResponse":"ON","ForceResponseType":"ON","Type":"None"}},"GradingData":[],"Language":[],"NextChoiceId":15,"NextAnswerId":1,"QuestionID":"QID21","DataVisibility":{"Private":false,"Hidden":false}}},{"SurveyID":"SV_2o7NUBlZVg5gB02","Element":"SQ","PrimaryAttribute":"QID18","SecondaryAttribute":"What is your proficiency level in English according to the scale used by CEFR? The Hungarian exam...","TertiaryAttribute":null,"Payload":{"QuestionText":"What is your proficiency level in English according to the scale used by CEFR?<br><h5><em>The Hungarian examination levels are equivalent to the CEFR system as follows:<\/em><br>Bel\u00e9p\u0151fok - A2<br>Alapfok - B1<br>K\u00f6z\u00e9pfok - B2<br>Fels\u0151fok - C1<\/h5>","DefaultChoices":false,"DataExportTag":"Q8","QuestionType":"MC","Selector":"SAVR","SubSelector":"TX","Configuration":{"QuestionDescriptionOption":"UseText"},"QuestionDescription":"What is your proficiency level in English according to the scale used by CEFR? The Hungarian exam...","Choices":{"1":{"Display":"A1 - beginner"},"2":{"Display":"A2 - pre-intermediate"},"3":{"Display":"B1 - intermediate"},"4":{"Display":"B2 - upper intermediate"},"5":{"Display":"C1 - advanced"},"6":{"Display":"C2 - proficient"}},"ChoiceOrder":[1,2,3,4,5,6],"Validation":{"Settings":{"ForceResponse":"ON","ForceResponseType":"ON","Type":"None"}},"GradingData":[],"Language":[],"NextChoiceId":7,"NextAnswerId":1,"QuestionID":"QID18","DataVisibility":{"Private":false,"Hidden":false}}},{"SurveyID":"SV_2o7NUBlZVg5gB02","Element":"SQ","PrimaryAttribute":"QID22","SecondaryAttribute":"Where do you live now? Please include city and country. Like this: London, United Kingdom","TertiaryAttribute":null,"Payload":{"QuestionText":"Where do you live now?<br><h5><em>Please include city and country. Like this: London, United Kingdom<\/em><\/h5>","DefaultChoices":false,"DataExportTag":"Q17","QuestionType":"TE","Selector":"SL","Configuration":{"QuestionDescriptionOption":"UseText"},"QuestionDescription":"Where do you live now? Please include city and country. Like this: London, United Kingdom","Validation":{"Settings":{"ForceResponse":"ON","ForceResponseType":"ON","Type":"None"}},"GradingData":[],"Language":[],"NextChoiceId":4,"NextAnswerId":1,"SearchSource":{"AllowFreeResponse":"false"},"QuestionID":"QID22","DataVisibility":{"Private":false,"Hidden":false}}},{"SurveyID":"SV_2o7NUBlZVg5gB02","Element":"SQ","PrimaryAttribute":"QID6","SecondaryAttribute":"Where were you born? Please include city and country. Like this: Budapest, Hungary","TertiaryAttribute":null,"Payload":{"QuestionText":"Where were you born?<br><h5><em>Please include city and country. Like this: Budapest, Hungary<\/em><\/h5>","DefaultChoices":false,"DataExportTag":"Q16","QuestionID":"QID6","QuestionType":"TE","Selector":"SL","DataVisibility":{"Private":false,"Hidden":false},"Configuration":{"QuestionDescriptionOption":"UseText","TextPosition":"inline"},"QuestionDescription":"Where were you born? Please include city and country. Like this: Budapest, Hungary","Validation":{"Settings":{"ForceResponse":"ON","ForceResponseType":"ON","Type":"None"}},"GradingData":[],"Language":[],"NextChoiceId":4,"NextAnswerId":1,"SearchSource":{"AllowFreeResponse":"false"}}}]}
